
Microsoft Visual Studio Solution File, Format Version 12.00
# Visual Studio Version 17
VisualStudioVersion = 17.9.34902.65
MinimumVisualStudioVersion = 10.0.40219.1
Project("{FAE04EC0-301F-11D3-BF4B-00C04F79EFBC}") = "BreadthFirstSearch", "BreadthFirstSearch.csproj", "{4C10D01F-596F-4136-ADD3-C36812FAB3F2}"
EndProject
Global
	GlobalSection(SolutionConfigurationPlatforms) = preSolution
		Debug|Any CPU = Debug|Any CPU
		Release|Any CPU = Release|Any CPU
	EndGlobalSection
	GlobalSection(ProjectConfigurationPlatforms) = postSolution
		{4C10D01F-596F-4136-ADD3-C36812FAB3F2}.Debug|Any CPU.ActiveCfg = Debug|Any CPU
		{4C10D01F-596F-4136-ADD3-C36812FAB3F2}.Debug|Any CPU.Build.0 = Debug|Any CPU
		{4C10D01F-596F-4136-ADD3-C36812FAB3F2}.Release|Any CPU.ActiveCfg = Release|Any CPU
		{4C10D01F-596F-4136-ADD3-C36812FAB3F2}.Release|Any CPU.Build.0 = Release|Any CPU
	EndGlobalSection
	GlobalSection(SolutionProperties) = preSolution
		HideSolutionNode = FALSE
	EndGlobalSection
	GlobalSection(ExtensibilityGlobals) = postSolution
		SolutionGuid = {86BC2BAD-5BBD-48BE-9EC1-D3FB96045C47}
	EndGlobalSection
EndGlobal
