
Microsoft Visual Studio Solution File, Format Version 12.00
# Visual Studio Version 17
VisualStudioVersion = 17.9.34902.65
MinimumVisualStudioVersion = 10.0.40219.1
Project("{FAE04EC0-301F-11D3-BF4B-00C04F79EFBC}") = "HTTPClient", "HTTPClient\HTTPClient.csproj", "{65B2F5AA-FDEA-4ED2-9744-F81F325ECA55}"
EndProject
Project("{FAE04EC0-301F-11D3-BF4B-00C04F79EFBC}") = "HttpClientWebApi", "HttpClientWebApi\HttpClientWebApi.csproj", "{60D97657-AD02-472F-A0F8-2CC7386109E4}"
EndProject
Global
	GlobalSection(SolutionConfigurationPlatforms) = preSolution
		Debug|Any CPU = Debug|Any CPU
		Release|Any CPU = Release|Any CPU
	EndGlobalSection
	GlobalSection(ProjectConfigurationPlatforms) = postSolution
		{65B2F5AA-FDEA-4ED2-9744-F81F325ECA55}.Debug|Any CPU.ActiveCfg = Debug|Any CPU
		{65B2F5AA-FDEA-4ED2-9744-F81F325ECA55}.Debug|Any CPU.Build.0 = Debug|Any CPU
		{65B2F5AA-FDEA-4ED2-9744-F81F325ECA55}.Release|Any CPU.ActiveCfg = Release|Any CPU
		{65B2F5AA-FDEA-4ED2-9744-F81F325ECA55}.Release|Any CPU.Build.0 = Release|Any CPU
		{60D97657-AD02-472F-A0F8-2CC7386109E4}.Debug|Any CPU.ActiveCfg = Debug|Any CPU
		{60D97657-AD02-472F-A0F8-2CC7386109E4}.Debug|Any CPU.Build.0 = Debug|Any CPU
		{60D97657-AD02-472F-A0F8-2CC7386109E4}.Release|Any CPU.ActiveCfg = Release|Any CPU
		{60D97657-AD02-472F-A0F8-2CC7386109E4}.Release|Any CPU.Build.0 = Release|Any CPU
	EndGlobalSection
	GlobalSection(SolutionProperties) = preSolution
		HideSolutionNode = FALSE
	EndGlobalSection
	GlobalSection(ExtensibilityGlobals) = postSolution
		SolutionGuid = {02DD5F11-82CC-40F3-AF52-895986ACD0D9}
	EndGlobalSection
EndGlobal
