
Microsoft Visual Studio Solution File, Format Version 12.00
# Visual Studio Version 17
VisualStudioVersion = 17.9.34902.65
MinimumVisualStudioVersion = 10.0.40219.1
Project("{FAE04EC0-301F-11D3-BF4B-00C04F79EFBC}") = "dotnetmvc", "dotnetmvc\dotnetmvc.csproj", "{5474FAD9-9AB7-4D12-B649-E2F9F3F91DD3}"
EndProject
Global
	GlobalSection(SolutionConfigurationPlatforms) = preSolution
		Debug|Any CPU = Debug|Any CPU
		Release|Any CPU = Release|Any CPU
	EndGlobalSection
	GlobalSection(ProjectConfigurationPlatforms) = postSolution
		{5474FAD9-9AB7-4D12-B649-E2F9F3F91DD3}.Debug|Any CPU.ActiveCfg = Debug|Any CPU
		{5474FAD9-9AB7-4D12-B649-E2F9F3F91DD3}.Debug|Any CPU.Build.0 = Debug|Any CPU
		{5474FAD9-9AB7-4D12-B649-E2F9F3F91DD3}.Release|Any CPU.ActiveCfg = Release|Any CPU
		{5474FAD9-9AB7-4D12-B649-E2F9F3F91DD3}.Release|Any CPU.Build.0 = Release|Any CPU
	EndGlobalSection
	GlobalSection(SolutionProperties) = preSolution
		HideSolutionNode = FALSE
	EndGlobalSection
	GlobalSection(ExtensibilityGlobals) = postSolution
		SolutionGuid = {22DD2A55-1384-44B5-B1B2-90084FAA2FF5}
	EndGlobalSection
EndGlobal
