
Microsoft Visual Studio Solution File, Format Version 12.00
# Visual Studio Version 17
VisualStudioVersion = 17.9.34902.65
MinimumVisualStudioVersion = 10.0.40219.1
Project("{FAE04EC0-301F-11D3-BF4B-00C04F79EFBC}") = "CRUDlibrary", "CRUDlibrary\CRUDlibrary.csproj", "{EA0B1BEF-EC3E-498A-B69C-A77532F227D1}"
EndProject
Project("{FAE04EC0-301F-11D3-BF4B-00C04F79EFBC}") = "CRUDWebAPI", "CRUDWebAPI\CRUDWebAPI.csproj", "{08EDCA87-E4CA-42B2-8AA6-92D52A7EC7C9}"
EndProject
Global
	GlobalSection(SolutionConfigurationPlatforms) = preSolution
		Debug|Any CPU = Debug|Any CPU
		Release|Any CPU = Release|Any CPU
	EndGlobalSection
	GlobalSection(ProjectConfigurationPlatforms) = postSolution
		{EA0B1BEF-EC3E-498A-B69C-A77532F227D1}.Debug|Any CPU.ActiveCfg = Debug|Any CPU
		{EA0B1BEF-EC3E-498A-B69C-A77532F227D1}.Debug|Any CPU.Build.0 = Debug|Any CPU
		{EA0B1BEF-EC3E-498A-B69C-A77532F227D1}.Release|Any CPU.ActiveCfg = Release|Any CPU
		{EA0B1BEF-EC3E-498A-B69C-A77532F227D1}.Release|Any CPU.Build.0 = Release|Any CPU
		{08EDCA87-E4CA-42B2-8AA6-92D52A7EC7C9}.Debug|Any CPU.ActiveCfg = Debug|Any CPU
		{08EDCA87-E4CA-42B2-8AA6-92D52A7EC7C9}.Debug|Any CPU.Build.0 = Debug|Any CPU
		{08EDCA87-E4CA-42B2-8AA6-92D52A7EC7C9}.Release|Any CPU.ActiveCfg = Release|Any CPU
		{08EDCA87-E4CA-42B2-8AA6-92D52A7EC7C9}.Release|Any CPU.Build.0 = Release|Any CPU
	EndGlobalSection
	GlobalSection(SolutionProperties) = preSolution
		HideSolutionNode = FALSE
	EndGlobalSection
	GlobalSection(ExtensibilityGlobals) = postSolution
		SolutionGuid = {F5477358-82EC-4821-A669-024951FBFFEA}
	EndGlobalSection
EndGlobal
